
Microsoft Visual Studio Solution File, Format Version 12.00
# Visual Studio Version 16
VisualStudioVersion = 16.0.30413.136
MinimumVisualStudioVersion = 10.0.40219.1
Project("{888888A0-9F3D-457C-B088-3A5042F75D52}") = "MemoryGame", "MemoryGame.pyproj", "{D9685DB1-05CC-40D6-9D3E-7A3F2FE387ED}"
EndProject
Global
	GlobalSection(SolutionConfigurationPlatforms) = preSolution
		Debug|Any CPU = Debug|Any CPU
		Release|Any CPU = Release|Any CPU
	EndGlobalSection
	GlobalSection(ProjectConfigurationPlatforms) = postSolution
		{D9685DB1-05CC-40D6-9D3E-7A3F2FE387ED}.Debug|Any CPU.ActiveCfg = Debug|Any CPU
		{D9685DB1-05CC-40D6-9D3E-7A3F2FE387ED}.Release|Any CPU.ActiveCfg = Release|Any CPU
	EndGlobalSection
	GlobalSection(SolutionProperties) = preSolution
		HideSolutionNode = FALSE
	EndGlobalSection
	GlobalSection(ExtensibilityGlobals) = postSolution
		SolutionGuid = {5852E8F8-C7FE-4E4F-8A4F-F3B7FA2B23FA}
	EndGlobalSection
EndGlobal
